
Microsoft Visual Studio Solution File, Format Version 12.00
# Visual Studio Version 17
VisualStudioVersion = 17.0.32014.148
MinimumVisualStudioVersion = 10.0.40219.1
Project("{FAE04EC0-301F-11D3-BF4B-00C04F79EFBC}") = "FreeSqlClickHouseUriToLongIssue", "FreeSqlClickHouseUriToLongIssue\FreeSqlClickHouseUriToLongIssue.csproj", "{3F77F0FB-23BE-46C9-96A0-3DF3290E83C3}"
EndProject
Global
	GlobalSection(SolutionConfigurationPlatforms) = preSolution
		Debug|Any CPU = Debug|Any CPU
		Release|Any CPU = Release|Any CPU
	EndGlobalSection
	GlobalSection(ProjectConfigurationPlatforms) = postSolution
		{3F77F0FB-23BE-46C9-96A0-3DF3290E83C3}.Debug|Any CPU.ActiveCfg = Debug|Any CPU
		{3F77F0FB-23BE-46C9-96A0-3DF3290E83C3}.Debug|Any CPU.Build.0 = Debug|Any CPU
		{3F77F0FB-23BE-46C9-96A0-3DF3290E83C3}.Release|Any CPU.ActiveCfg = Release|Any CPU
		{3F77F0FB-23BE-46C9-96A0-3DF3290E83C3}.Release|Any CPU.Build.0 = Release|Any CPU
	EndGlobalSection
	GlobalSection(SolutionProperties) = preSolution
		HideSolutionNode = FALSE
	EndGlobalSection
	GlobalSection(ExtensibilityGlobals) = postSolution
		SolutionGuid = {7EB295AD-47E4-4808-8A54-EB14BDA8B408}
	EndGlobalSection
EndGlobal
